# This is a Gradle generated file for dependency locking.
# Manual edits can break the build and are not advised.
# This file is expected to be part of source control.
ch.qos.logback:logback-classic:1.3.15=testRuntimeClasspath
ch.qos.logback:logback-core:1.3.15=testRuntimeClasspath
com.fasterxml.jackson.core:jackson-annotations:2.18.2=compileClasspath,runtimeClasspath,testCompileClasspath,testFixturesRuntimeClasspath,testRuntimeClasspath
com.fasterxml.jackson.core:jackson-core:2.18.2=compileClasspath,runtimeClasspath,testCompileClasspath,testFixturesRuntimeClasspath,testRuntimeClasspath
com.fasterxml.jackson.core:jackson-databind:2.18.2=compileClasspath,runtimeClasspath,testCompileClasspath,testFixturesRuntimeClasspath,testRuntimeClasspath
com.fasterxml.jackson.dataformat:jackson-dataformat-yaml:2.18.2=compileClasspath,runtimeClasspath,testCompileClasspath,testFixturesRuntimeClasspath,testRuntimeClasspath
com.fasterxml.jackson.datatype:jackson-datatype-jsr310:2.18.2=compileClasspath,runtimeClasspath,testCompileClasspath,testFixturesRuntimeClasspath,testRuntimeClasspath
com.fasterxml.jackson:jackson-bom:2.18.2=compileClasspath,runtimeClasspath,testCompileClasspath,testFixturesRuntimeClasspath,testRuntimeClasspath
com.github.stephenc.jcip:jcip-annotations:1.0-1=compileClasspath,runtimeClasspath,testCompileClasspath,testFixturesCompileClasspath,testFixturesRuntimeClasspath,testRuntimeClasspath
com.google.auto.service:auto-service-annotations:1.1.1=annotationProcessor,compileClasspath,testAnnotationProcessor,testCompileClasspath,testFixturesAnnotationProcessor,testFixturesCompileClasspath
com.google.auto.service:auto-service:1.1.1=annotationProcessor,compileClasspath,testAnnotationProcessor,testCompileClasspath,testFixturesAnnotationProcessor,testFixturesCompileClasspath
com.google.auto.value:auto-value-annotations:1.11.0=compileClasspath,testCompileClasspath,testFixturesCompileClasspath
com.google.auto.value:auto-value:1.11.0=annotationProcessor,testAnnotationProcessor,testFixturesAnnotationProcessor
com.google.auto:auto-common:1.2.1=annotationProcessor,compileClasspath,testAnnotationProcessor,testCompileClasspath,testFixturesAnnotationProcessor,testFixturesCompileClasspath
com.google.code.findbugs:jsr305:3.0.2=annotationProcessor,compileClasspath,runtimeClasspath,testAnnotationProcessor,testCompileClasspath,testFixturesAnnotationProcessor,testFixturesCompileClasspath,testFixturesRuntimeClasspath,testRuntimeClasspath
com.google.errorprone:error_prone_annotations:2.18.0=annotationProcessor,compileClasspath,testAnnotationProcessor,testCompileClasspath,testFixturesAnnotationProcessor,testFixturesCompileClasspath
com.google.guava:failureaccess:1.0.1=annotationProcessor,compileClasspath,testAnnotationProcessor,testCompileClasspath,testFixturesAnnotationProcessor,testFixturesCompileClasspath
com.google.guava:guava-parent:32.1.2-jre=compileClasspath,testCompileClasspath,testFixturesCompileClasspath
com.google.guava:guava:32.0.1-jre=annotationProcessor,testAnnotationProcessor,testFixturesAnnotationProcessor
com.google.guava:guava:32.1.2-jre=compileClasspath,testCompileClasspath,testFixturesCompileClasspath
com.google.guava:listenablefuture:9999.0-empty-to-avoid-conflict-with-guava=annotationProcessor,compileClasspath,testAnnotationProcessor,testCompileClasspath,testFixturesAnnotationProcessor,testFixturesCompileClasspath
com.google.j2objc:j2objc-annotations:2.8=annotationProcessor,compileClasspath,testAnnotationProcessor,testCompileClasspath,testFixturesAnnotationProcessor,testFixturesCompileClasspath
junit:junit:4.13.2=testCompileClasspath,testRuntimeClasspath
org.checkerframework:checker-qual:3.49.0=annotationProcessor,testAnnotationProcessor,testFixturesAnnotationProcessor
org.checkerframework:checker-qual:3.49.0=compileClasspath,runtimeClasspath,testCompileClasspath,testFixturesCompileClasspath,testFixturesRuntimeClasspath,testRuntimeClasspath
org.hamcrest:hamcrest-core:1.3=testCompileClasspath,testRuntimeClasspath
org.slf4j:jcl-over-slf4j:2.0.16=testRuntimeClasspath
org.slf4j:jul-to-slf4j:1.7.36=testRuntimeClasspath
org.slf4j:log4j-over-slf4j:2.0.16=testRuntimeClasspath
org.slf4j:slf4j-api:1.7.36=compileClasspath,runtimeClasspath,testCompileClasspath,testFixturesCompileClasspath,testFixturesRuntimeClasspath
org.slf4j:slf4j-api:2.0.16=testRuntimeClasspath
org.yaml:snakeyaml:2.3=compileClasspath,runtimeClasspath,testCompileClasspath,testFixturesRuntimeClasspath,testRuntimeClasspath
empty=
