# This is a Gradle generated file for dependency locking.
# Manual edits can break the build and are not advised.
# This file is expected to be part of source control.
ch.qos.logback:logback-classic:1.3.16=compileClasspath,runtimeClasspath,sources,testCompileClasspath,testFixturesRuntimeClasspath,testRuntimeClasspath
ch.qos.logback:logback-core:1.3.16=compileClasspath,runtimeClasspath,testCompileClasspath,testFixturesRuntimeClasspath,testRuntimeClasspath
com.amazon.redshift:redshift-jdbc42:2.1.0.32=runtimeClasspath,testFixturesRuntimeClasspath,testRuntimeClasspath
tools.profiler:async-profiler:4.2=compileClasspath,runtimeClasspath,testCompileClasspath,testFixturesRuntimeClasspath,testRuntimeClasspath
com.amazonaws:aws-java-sdk-cloudwatch:1.12.791=compileClasspath,runtimeClasspath,testCompileClasspath,testFixturesRuntimeClasspath,testRuntimeClasspath
com.amazonaws:aws-java-sdk-core:1.12.791=compileClasspath,runtimeClasspath,testCompileClasspath,testFixturesRuntimeClasspath,testRuntimeClasspath
com.amazonaws:aws-java-sdk-redshift:1.12.791=compileClasspath,runtimeClasspath,testCompileClasspath,testFixturesRuntimeClasspath,testRuntimeClasspath
com.amazonaws:aws-java-sdk-redshiftserverless:1.12.791=compileClasspath,runtimeClasspath,testCompileClasspath,testFixturesRuntimeClasspath,testRuntimeClasspath
com.amazonaws:jmespath-java:1.12.791=compileClasspath,runtimeClasspath,testCompileClasspath,testFixturesRuntimeClasspath,testRuntimeClasspath
com.fasterxml.jackson.core:jackson-annotations:2.19.0=compileClasspath,runtimeClasspath,testCompileClasspath,testFixturesRuntimeClasspath,testRuntimeClasspath
com.fasterxml.jackson.core:jackson-core:2.19.0=compileClasspath,runtimeClasspath,testCompileClasspath,testFixturesRuntimeClasspath,testRuntimeClasspath
com.fasterxml.jackson.core:jackson-databind:2.19.0=compileClasspath,runtimeClasspath,testCompileClasspath,testFixturesRuntimeClasspath,testRuntimeClasspath
com.fasterxml.jackson.dataformat:jackson-dataformat-cbor:2.19.0=compileClasspath,runtimeClasspath,testCompileClasspath,testFixturesRuntimeClasspath,testRuntimeClasspath
com.fasterxml.jackson.dataformat:jackson-dataformat-yaml:2.19.0=compileClasspath,runtimeClasspath,testCompileClasspath,testFixturesRuntimeClasspath,testRuntimeClasspath
com.fasterxml.jackson.datatype:jackson-datatype-guava:2.19.0=compileClasspath,runtimeClasspath,testCompileClasspath,testFixturesRuntimeClasspath,testRuntimeClasspath
com.fasterxml.jackson.datatype:jackson-datatype-jsr310:2.19.0=compileClasspath,runtimeClasspath,testCompileClasspath,testFixturesRuntimeClasspath,testRuntimeClasspath
com.fasterxml.jackson:jackson-bom:2.19.0=compileClasspath,runtimeClasspath,testCompileClasspath,testFixturesRuntimeClasspath,testRuntimeClasspath
com.fasterxml.woodstox:woodstox-core:7.1.0=compileClasspath,runtimeClasspath,testCompileClasspath,testFixturesRuntimeClasspath,testRuntimeClasspath
com.github.pjfanning:jersey-json:1.20=compileClasspath,runtimeClasspath,testCompileClasspath,testFixturesRuntimeClasspath,testRuntimeClasspath
com.github.stefanbirkner:system-rules:1.19.0=testCompileClasspath,testRuntimeClasspath
com.github.stephenc.jcip:jcip-annotations:1.0-1=compileClasspath,runtimeClasspath,testCompileClasspath,testFixturesCompileClasspath,testFixturesRuntimeClasspath,testRuntimeClasspath
com.github.tomakehurst:wiremock-standalone:2.27.2=testCompileClasspath,testRuntimeClasspath
com.google.android:annotations:4.1.1.4=runtimeClasspath,testFixturesRuntimeClasspath,testRuntimeClasspath
com.google.api-client:google-api-client:2.7.2=compileClasspath,runtimeClasspath,testCompileClasspath,testFixturesRuntimeClasspath,testRuntimeClasspath
com.google.api.grpc:gapic-google-cloud-storage-v2:2.48.0=compileClasspath,runtimeClasspath,testCompileClasspath,testFixturesRuntimeClasspath,testRuntimeClasspath
com.google.api.grpc:grpc-google-cloud-bigquerystorage-v1:3.17.2=compileClasspath,runtimeClasspath,testCompileClasspath,testFixturesRuntimeClasspath,testRuntimeClasspath
com.google.api.grpc:grpc-google-cloud-bigquerystorage-v1beta1:0.189.2=compileClasspath,runtimeClasspath,testCompileClasspath,testFixturesRuntimeClasspath,testRuntimeClasspath
com.google.api.grpc:grpc-google-cloud-bigquerystorage-v1beta2:0.189.2=compileClasspath,runtimeClasspath,testCompileClasspath,testFixturesRuntimeClasspath,testRuntimeClasspath
com.google.api.grpc:grpc-google-cloud-storage-v2:2.48.0=compileClasspath,runtimeClasspath,testCompileClasspath,testFixturesRuntimeClasspath,testRuntimeClasspath
com.google.api.grpc:proto-google-cloud-bigquerystorage-v1:3.17.2=compileClasspath,runtimeClasspath,testCompileClasspath,testFixturesRuntimeClasspath,testRuntimeClasspath
com.google.api.grpc:proto-google-cloud-bigquerystorage-v1alpha:3.17.2=compileClasspath,runtimeClasspath,testCompileClasspath,testFixturesRuntimeClasspath,testRuntimeClasspath
com.google.api.grpc:proto-google-cloud-bigquerystorage-v1beta1:0.189.2=compileClasspath,runtimeClasspath,testCompileClasspath,testFixturesRuntimeClasspath,testRuntimeClasspath
com.google.api.grpc:proto-google-cloud-bigquerystorage-v1beta2:0.189.2=compileClasspath,runtimeClasspath,testCompileClasspath,testFixturesRuntimeClasspath,testRuntimeClasspath
com.google.api.grpc:proto-google-cloud-bigquerystorage-v1beta:3.17.2=compileClasspath,runtimeClasspath,testCompileClasspath,testFixturesRuntimeClasspath,testRuntimeClasspath
com.google.api.grpc:proto-google-cloud-kms-v1:0.169.0=compileClasspath,runtimeClasspath,testCompileClasspath,testFixturesRuntimeClasspath,testRuntimeClasspath
com.google.api.grpc:proto-google-cloud-monitoring-v3:3.52.0=compileClasspath,runtimeClasspath,testCompileClasspath,testFixturesRuntimeClasspath,testRuntimeClasspath
com.google.api.grpc:proto-google-cloud-storage-v2:2.48.0=compileClasspath,runtimeClasspath,testCompileClasspath,testFixturesRuntimeClasspath,testRuntimeClasspath
com.google.api.grpc:proto-google-common-protos:2.61.3=compileClasspath,runtimeClasspath,testCompileClasspath,testFixturesRuntimeClasspath,testRuntimeClasspath
com.google.api.grpc:proto-google-iam-v1:1.56.3=compileClasspath,runtimeClasspath,testCompileClasspath,testFixturesRuntimeClasspath,testRuntimeClasspath
com.google.api:api-common:2.53.3=compileClasspath,runtimeClasspath,testCompileClasspath,testFixturesRuntimeClasspath,testRuntimeClasspath
com.google.api:gax-grpc:2.70.3=compileClasspath,runtimeClasspath,testCompileClasspath,testFixturesRuntimeClasspath,testRuntimeClasspath
com.google.api:gax-httpjson:2.70.3=compileClasspath,runtimeClasspath,testCompileClasspath,testFixturesRuntimeClasspath,testRuntimeClasspath
com.google.api:gax:2.70.3=compileClasspath,runtimeClasspath,testCompileClasspath,testFixturesRuntimeClasspath,testRuntimeClasspath
com.google.apis:google-api-services-bigquery:v2-rev20250706-2.0.0=compileClasspath,runtimeClasspath,testCompileClasspath,testFixturesRuntimeClasspath,testRuntimeClasspath
com.google.apis:google-api-services-storage:v1-rev20241206-2.0.0=compileClasspath,runtimeClasspath,testCompileClasspath,testFixturesRuntimeClasspath,testRuntimeClasspath
com.google.auth:google-auth-library-credentials:1.39.1=compileClasspath,runtimeClasspath,testCompileClasspath,testFixturesRuntimeClasspath,testRuntimeClasspath
com.google.auth:google-auth-library-oauth2-http:1.39.1=compileClasspath,runtimeClasspath,testCompileClasspath,testFixturesRuntimeClasspath,testRuntimeClasspath
com.google.auto.service:auto-service-annotations:1.1.1=annotationProcessor,compileClasspath,testAnnotationProcessor,testCompileClasspath,testFixturesAnnotationProcessor,testFixturesCompileClasspath
com.google.auto.service:auto-service:1.1.1=annotationProcessor,compileClasspath,testAnnotationProcessor,testCompileClasspath,testFixturesAnnotationProcessor,testFixturesCompileClasspath
com.google.auto.value:auto-value-annotations:1.11.0=compileClasspath,runtimeClasspath,testCompileClasspath,testFixturesCompileClasspath,testFixturesRuntimeClasspath,testRuntimeClasspath
com.google.auto.value:auto-value:1.11.0=annotationProcessor,testAnnotationProcessor,testFixturesAnnotationProcessor
com.google.auto:auto-common:1.2.1=annotationProcessor,compileClasspath,testAnnotationProcessor,testCompileClasspath,testFixturesAnnotationProcessor,testFixturesCompileClasspath
com.google.cloud.opentelemetry:detector-resources-support:0.33.0=runtimeClasspath,testFixturesRuntimeClasspath,testRuntimeClasspath
com.google.cloud.opentelemetry:exporter-metrics:0.33.0=compileClasspath,runtimeClasspath,testCompileClasspath,testFixturesRuntimeClasspath,testRuntimeClasspath
com.google.cloud.opentelemetry:shared-resourcemapping:0.33.0=runtimeClasspath,testFixturesRuntimeClasspath,testRuntimeClasspath
com.google.cloud:google-cloud-bigquery:2.55.2=compileClasspath,runtimeClasspath,testCompileClasspath,testFixturesRuntimeClasspath,testRuntimeClasspath
com.google.cloud:google-cloud-bigquerystorage:3.17.2=compileClasspath,runtimeClasspath,testCompileClasspath,testFixturesRuntimeClasspath,testRuntimeClasspath
com.google.cloud:google-cloud-core-grpc:2.49.1=compileClasspath,runtimeClasspath,testCompileClasspath,testFixturesRuntimeClasspath,testRuntimeClasspath
com.google.cloud:google-cloud-core-http:2.60.3=compileClasspath,runtimeClasspath,testCompileClasspath,testFixturesRuntimeClasspath,testRuntimeClasspath
com.google.cloud:google-cloud-core:2.60.3=compileClasspath,runtimeClasspath,testCompileClasspath,testFixturesRuntimeClasspath,testRuntimeClasspath
com.google.cloud:google-cloud-kms:2.78.0=compileClasspath,runtimeClasspath,testCompileClasspath,testFixturesRuntimeClasspath,testRuntimeClasspath
com.google.cloud:google-cloud-monitoring:3.52.0=compileClasspath,runtimeClasspath,testCompileClasspath,testFixturesRuntimeClasspath,testRuntimeClasspath
com.google.cloud:google-cloud-nio:0.127.30=compileClasspath,runtimeClasspath,testCompileClasspath,testFixturesRuntimeClasspath,testRuntimeClasspath
com.google.cloud:google-cloud-storage:2.48.0=compileClasspath,runtimeClasspath,testCompileClasspath,testFixturesRuntimeClasspath,testRuntimeClasspath
com.google.cloud:libraries-bom:26.48.0=runtimeClasspath,testFixturesRuntimeClasspath,testRuntimeClasspath
com.google.code.findbugs:jsr305:3.0.2=annotationProcessor,compileClasspath,runtimeClasspath,testAnnotationProcessor,testCompileClasspath,testFixturesAnnotationProcessor,testFixturesCompileClasspath,testFixturesRuntimeClasspath,testRuntimeClasspath
com.google.code.gson:gson:2.12.1=compileClasspath,runtimeClasspath,testCompileClasspath,testFixturesRuntimeClasspath,testRuntimeClasspath
com.google.errorprone:error_prone_annotations:2.18.0=annotationProcessor,testAnnotationProcessor,testFixturesAnnotationProcessor,testFixturesCompileClasspath
com.google.errorprone:error_prone_annotations:2.38.0=compileClasspath,runtimeClasspath,testCompileClasspath,testFixturesRuntimeClasspath,testRuntimeClasspath
com.google.flatbuffers:flatbuffers-java:24.3.25=compileClasspath,runtimeClasspath,testCompileClasspath,testFixturesRuntimeClasspath,testRuntimeClasspath
com.google.guava:failureaccess:1.0.1=annotationProcessor,testAnnotationProcessor,testFixturesAnnotationProcessor,testFixturesCompileClasspath
com.google.guava:failureaccess:1.0.3=compileClasspath,runtimeClasspath,testCompileClasspath,testFixturesRuntimeClasspath,testRuntimeClasspath
com.google.guava:guava-parent:32.1.2-jre=testFixturesCompileClasspath
com.google.guava:guava:32.0.1-jre=annotationProcessor,testAnnotationProcessor,testFixturesAnnotationProcessor
com.google.guava:guava:32.1.2-jre=testFixturesCompileClasspath
com.google.guava:guava:33.4.8-jre=compileClasspath,runtimeClasspath,testCompileClasspath,testFixturesRuntimeClasspath,testRuntimeClasspath
com.google.guava:listenablefuture:9999.0-empty-to-avoid-conflict-with-guava=annotationProcessor,compileClasspath,runtimeClasspath,testAnnotationProcessor,testCompileClasspath,testFixturesAnnotationProcessor,testFixturesCompileClasspath,testFixturesRuntimeClasspath,testRuntimeClasspath
com.google.http-client:google-http-client-apache-v2:1.47.1=compileClasspath,runtimeClasspath,testCompileClasspath,testFixturesRuntimeClasspath,testRuntimeClasspath
com.google.http-client:google-http-client-appengine:1.47.1=compileClasspath,runtimeClasspath,testCompileClasspath,testFixturesRuntimeClasspath,testRuntimeClasspath
com.google.http-client:google-http-client-gson:1.47.1=compileClasspath,runtimeClasspath,testCompileClasspath,testFixturesRuntimeClasspath,testRuntimeClasspath
com.google.http-client:google-http-client-jackson2:1.45.3=compileClasspath,runtimeClasspath,testCompileClasspath,testFixturesRuntimeClasspath,testRuntimeClasspath
com.google.http-client:google-http-client:1.47.1=compileClasspath,runtimeClasspath,testCompileClasspath,testFixturesRuntimeClasspath,testRuntimeClasspath
com.google.j2objc:j2objc-annotations:2.8=annotationProcessor,testAnnotationProcessor,testFixturesAnnotationProcessor,testFixturesCompileClasspath
com.google.j2objc:j2objc-annotations:3.0.0=compileClasspath,runtimeClasspath,testCompileClasspath,testFixturesRuntimeClasspath,testRuntimeClasspath
com.google.oauth-client:google-oauth-client:1.39.0=compileClasspath,runtimeClasspath,testCompileClasspath,testFixturesRuntimeClasspath,testRuntimeClasspath
com.google.protobuf:protobuf-java-util:3.25.8=compileClasspath,runtimeClasspath,testCompileClasspath,testFixturesRuntimeClasspath,testRuntimeClasspath
com.google.protobuf:protobuf-java:3.25.8=compileClasspath,runtimeClasspath,testCompileClasspath,testFixturesRuntimeClasspath,testRuntimeClasspath
com.google.re2j:re2j:1.8=compileClasspath,runtimeClasspath,testCompileClasspath,testFixturesRuntimeClasspath,testRuntimeClasspath
com.googlecode.json-simple:json-simple:1.1.1=compileClasspath,runtimeClasspath,testCompileClasspath,testFixturesRuntimeClasspath,testRuntimeClasspath
com.jcraft:jsch:0.1.55=compileClasspath,runtimeClasspath,testCompileClasspath,testFixturesRuntimeClasspath,testRuntimeClasspath
com.nimbusds:nimbus-jose-jwt:10.5=compileClasspath,runtimeClasspath,testCompileClasspath,testFixturesRuntimeClasspath,testRuntimeClasspath
com.sun.jersey:jersey-core:1.19.4=compileClasspath,runtimeClasspath,testCompileClasspath,testFixturesRuntimeClasspath,testRuntimeClasspath
com.sun.jersey:jersey-server:1.19.4=compileClasspath,runtimeClasspath,testCompileClasspath,testFixturesRuntimeClasspath,testRuntimeClasspath
com.sun.jersey:jersey-servlet:1.19.4=compileClasspath,runtimeClasspath,testCompileClasspath,testFixturesRuntimeClasspath,testRuntimeClasspath
com.sun.xml.bind:jaxb-impl:2.2.3-1=compileClasspath,runtimeClasspath,testCompileClasspath,testFixturesRuntimeClasspath,testRuntimeClasspath
com.swrve:rate-limited-logger:2.0.2=compileClasspath,runtimeClasspath,testCompileClasspath,testFixturesRuntimeClasspath,testRuntimeClasspath
com.zaxxer:HikariCP:4.0.3=compileClasspath,runtimeClasspath,testCompileClasspath,testFixturesRuntimeClasspath,testRuntimeClasspath
commons-cli:commons-cli:1.5.0=compileClasspath,runtimeClasspath,testCompileClasspath,testFixturesRuntimeClasspath,testRuntimeClasspath
commons-codec:commons-codec:1.17.1=testFixturesCompileClasspath
commons-codec:commons-codec:1.18.0=compileClasspath,runtimeClasspath,testCompileClasspath,testFixturesRuntimeClasspath,testRuntimeClasspath
commons-io:commons-io:2.19.0=compileClasspath,runtimeClasspath,testCompileClasspath,testFixturesCompileClasspath,testFixturesRuntimeClasspath,testRuntimeClasspath
commons-net:commons-net:3.9.0=compileClasspath,runtimeClasspath,testCompileClasspath,testFixturesRuntimeClasspath,testRuntimeClasspath
dnsjava:dnsjava:3.6.3=compileClasspath,runtimeClasspath,testCompileClasspath,testFixturesRuntimeClasspath,testRuntimeClasspath
io.dropwizard.metrics:metrics-core:3.2.4=compileClasspath,runtimeClasspath,testCompileClasspath,testFixturesRuntimeClasspath,testRuntimeClasspath
io.grpc:grpc-alts:1.76.1=compileClasspath,runtimeClasspath,testCompileClasspath,testFixturesRuntimeClasspath,testRuntimeClasspath
io.grpc:grpc-api:1.76.1=compileClasspath,runtimeClasspath,testCompileClasspath,testFixturesRuntimeClasspath,testRuntimeClasspath
io.grpc:grpc-auth:1.76.1=compileClasspath,runtimeClasspath,testCompileClasspath,testFixturesRuntimeClasspath,testRuntimeClasspath
io.grpc:grpc-bom:1.76.1=compileClasspath,runtimeClasspath,testCompileClasspath,testFixturesRuntimeClasspath,testRuntimeClasspath
io.grpc:grpc-context:1.76.1=runtimeClasspath,testFixturesRuntimeClasspath,testRuntimeClasspath,compileClasspath,testCompileClasspath
io.grpc:grpc-core:1.76.1=compileClasspath,runtimeClasspath,testCompileClasspath,testFixturesRuntimeClasspath,testRuntimeClasspath
io.grpc:grpc-googleapis:1.76.1=runtimeClasspath,testFixturesRuntimeClasspath,testRuntimeClasspath
io.grpc:grpc-grpclb:1.76.1=compileClasspath,runtimeClasspath,testCompileClasspath,testFixturesRuntimeClasspath,testRuntimeClasspath
io.grpc:grpc-inprocess:1.76.1=compileClasspath,runtimeClasspath,testCompileClasspath,testFixturesRuntimeClasspath,testRuntimeClasspath
io.grpc:grpc-netty-shaded:1.76.1=compileClasspath,runtimeClasspath,testCompileClasspath,testFixturesRuntimeClasspath,testRuntimeClasspath
io.grpc:grpc-protobuf-lite:1.76.1=runtimeClasspath,testFixturesRuntimeClasspath,testRuntimeClasspath
io.grpc:grpc-protobuf:1.76.1=compileClasspath,runtimeClasspath,testCompileClasspath,testFixturesRuntimeClasspath,testRuntimeClasspath
io.grpc:grpc-stub:1.76.1=compileClasspath,runtimeClasspath,testCompileClasspath,testFixturesRuntimeClasspath,testRuntimeClasspath
io.grpc:grpc-util:1.76.1=runtimeClasspath,testFixturesRuntimeClasspath,testRuntimeClasspath,compileClasspath,testCompileClasspath
io.grpc:grpc-opentelemetry:1.76.1=runtimeClasspath,testFixturesRuntimeClasspath,testRuntimeClasspath,compileClasspath,testCompileClasspath
io.grpc:grpc-services:1.76.1=runtimeClasspath,testFixturesRuntimeClasspath,testRuntimeClasspath,compileClasspath,testCompileClasspath
io.grpc:grpc-rls:1.76.1=runtimeClasspath,testFixturesRuntimeClasspath,testRuntimeClasspath,compileClasspath,testCompileClasspath
io.grpc:grpc-xds:1.76.1=runtimeClasspath,testFixturesRuntimeClasspath,testRuntimeClasspath,compileClasspath,testCompileClasspath
io.netty:netty-buffer:4.1.127.Final=compileClasspath,runtimeClasspath,testCompileClasspath,testFixturesRuntimeClasspath,testRuntimeClasspath
io.netty:netty-codec:4.1.127.Final=compileClasspath,runtimeClasspath,testCompileClasspath,testFixturesRuntimeClasspath,testRuntimeClasspath
io.netty:netty-common:4.1.127.Final=compileClasspath,runtimeClasspath,testCompileClasspath,testFixturesRuntimeClasspath,testRuntimeClasspath
io.netty:netty-handler:4.1.127.Final=compileClasspath,runtimeClasspath,testCompileClasspath,testFixturesRuntimeClasspath,testRuntimeClasspath
io.netty:netty-resolver:4.1.127.Final=compileClasspath,runtimeClasspath,testCompileClasspath,testFixturesRuntimeClasspath,testRuntimeClasspath
io.netty:netty-tcnative-boringssl-static:2.0.70.Final=compileClasspath,runtimeClasspath,testCompileClasspath,testFixturesRuntimeClasspath,testRuntimeClasspath
io.netty:netty-tcnative-classes:2.0.70.Final=compileClasspath,runtimeClasspath,testCompileClasspath,testFixturesRuntimeClasspath,testRuntimeClasspath
io.netty:netty-transport-classes-epoll:4.1.127.Final=compileClasspath,runtimeClasspath,testCompileClasspath,testFixturesRuntimeClasspath,testRuntimeClasspath
io.netty:netty-transport-native-epoll:4.1.127.Final=compileClasspath,runtimeClasspath,testCompileClasspath,testFixturesRuntimeClasspath,testRuntimeClasspath
io.netty:netty-transport-native-unix-common:4.1.127.Final=compileClasspath,runtimeClasspath,testCompileClasspath,testFixturesRuntimeClasspath,testRuntimeClasspath
io.netty:netty-transport:4.1.127.Final=compileClasspath,runtimeClasspath,testCompileClasspath,testFixturesRuntimeClasspath,testRuntimeClasspath
io.opencensus:opencensus-api:0.31.1=compileClasspath,runtimeClasspath,testCompileClasspath,testFixturesRuntimeClasspath,testRuntimeClasspath
io.opencensus:opencensus-contrib-http-util:0.31.1=compileClasspath,runtimeClasspath,testCompileClasspath,testFixturesRuntimeClasspath,testRuntimeClasspath
io.opentelemetry.contrib:opentelemetry-gcp-resources:1.37.0-alpha=compileClasspath,runtimeClasspath,testCompileClasspath,testFixturesRuntimeClasspath,testRuntimeClasspath
io.opentelemetry.semconv:opentelemetry-semconv:1.27.0-alpha=compileClasspath,runtimeClasspath,testCompileClasspath,testFixturesRuntimeClasspath,testRuntimeClasspath
io.opentelemetry:opentelemetry-api-incubator:1.45.0-alpha=runtimeClasspath,testFixturesRuntimeClasspath,testRuntimeClasspath
io.opentelemetry:opentelemetry-api:1.47.0=compileClasspath,runtimeClasspath,testCompileClasspath,testFixturesRuntimeClasspath,testRuntimeClasspath
io.opentelemetry:opentelemetry-bom:1.42.1=runtimeClasspath,testFixturesRuntimeClasspath,testRuntimeClasspath
io.opentelemetry:opentelemetry-context:1.47.0=compileClasspath,runtimeClasspath,testCompileClasspath,testFixturesRuntimeClasspath,testRuntimeClasspath
io.opentelemetry:opentelemetry-sdk-common:1.45.0=compileClasspath,runtimeClasspath,testCompileClasspath,testFixturesRuntimeClasspath,testRuntimeClasspath
io.opentelemetry:opentelemetry-sdk-extension-autoconfigure-spi:1.45.0=compileClasspath,runtimeClasspath,testCompileClasspath,testFixturesRuntimeClasspath,testRuntimeClasspath
io.opentelemetry:opentelemetry-sdk-logs:1.45.0=compileClasspath,runtimeClasspath,testCompileClasspath,testFixturesRuntimeClasspath,testRuntimeClasspath
io.opentelemetry:opentelemetry-sdk-metrics:1.45.0=compileClasspath,runtimeClasspath,testCompileClasspath,testFixturesRuntimeClasspath,testRuntimeClasspath
io.opentelemetry:opentelemetry-sdk-trace:1.45.0=compileClasspath,runtimeClasspath,testCompileClasspath,testFixturesRuntimeClasspath,testRuntimeClasspath
io.opentelemetry:opentelemetry-sdk:1.45.0=compileClasspath,runtimeClasspath,testCompileClasspath,testFixturesRuntimeClasspath,testRuntimeClasspath
io.perfmark:perfmark-api:0.27.0=runtimeClasspath,testFixturesRuntimeClasspath,testRuntimeClasspath
jakarta.activation:jakarta.activation-api:1.2.1=runtimeClasspath,testFixturesRuntimeClasspath,testRuntimeClasspath
jakarta.annotation:jakarta.annotation-api:2.1.1=runtimeClasspath,testFixturesRuntimeClasspath,testRuntimeClasspath
jakarta.servlet:jakarta.servlet-api:5.0.0=runtimeClasspath,testFixturesRuntimeClasspath,testRuntimeClasspath
javax.annotation:javax.annotation-api:1.3.2=compileClasspath,runtimeClasspath,testCompileClasspath,testFixturesRuntimeClasspath,testRuntimeClasspath
javax.inject:javax.inject:1=compileClasspath,runtimeClasspath,testCompileClasspath,testFixturesRuntimeClasspath,testRuntimeClasspath
javax.servlet:javax.servlet-api:3.1.0=compileClasspath,runtimeClasspath,testCompileClasspath,testFixturesRuntimeClasspath,testRuntimeClasspath
javax.transaction:javax.transaction-api:1.3=testRuntimeClasspath
javax.ws.rs:jsr311-api:1.1.1=compileClasspath,runtimeClasspath,testCompileClasspath,testFixturesRuntimeClasspath,testRuntimeClasspath
javax.xml.bind:jaxb-api:2.2.2=compileClasspath,runtimeClasspath,testCompileClasspath,testFixturesRuntimeClasspath,testRuntimeClasspath
javax.xml.stream:stax-api:1.0-2=compileClasspath,runtimeClasspath,testCompileClasspath,testFixturesRuntimeClasspath,testRuntimeClasspath
joda-time:joda-time:2.12.7=compileClasspath,runtimeClasspath,testFixturesRuntimeClasspath
joda-time:joda-time:2.14.0=testCompileClasspath,testRuntimeClasspath
junit:junit-dep:4.11=testCompileClasspath,testRuntimeClasspath
junit:junit:4.13.2=testCompileClasspath,testRuntimeClasspath
net.bytebuddy:byte-buddy-agent:1.12.19=testCompileClasspath,testRuntimeClasspath
net.bytebuddy:byte-buddy:1.12.19=testCompileClasspath,testRuntimeClasspath
net.harawata:appdirs:1.3.0=compileClasspath,runtimeClasspath,testCompileClasspath,testFixturesRuntimeClasspath,testRuntimeClasspath
net.java.dev.jna:jna-platform:5.16.0=compileClasspath,runtimeClasspath,testCompileClasspath,testFixturesRuntimeClasspath,testRuntimeClasspath
net.java.dev.jna:jna:5.17.0=runtimeClasspath,testFixturesRuntimeClasspath,testRuntimeClasspath
net.sf.jopt-simple:jopt-simple:5.0.4=compileClasspath,runtimeClasspath,testCompileClasspath,testFixturesRuntimeClasspath,testRuntimeClasspath
net.snowflake:snowflake-jdbc:3.27.1=runtimeClasspath,testFixturesRuntimeClasspath,testRuntimeClasspath
org.anarres.jdiagnostics:jdiagnostics:1.0.7=compileClasspath,runtimeClasspath,testCompileClasspath,testFixturesRuntimeClasspath,testRuntimeClasspath
org.apache.arrow:arrow-format:17.0.0=compileClasspath,runtimeClasspath,testCompileClasspath,testFixturesRuntimeClasspath,testRuntimeClasspath
org.apache.arrow:arrow-memory-core:17.0.0=compileClasspath,runtimeClasspath,testCompileClasspath,testFixturesRuntimeClasspath,testRuntimeClasspath
org.apache.arrow:arrow-memory-netty-buffer-patch:17.0.0=compileClasspath,runtimeClasspath,testCompileClasspath,testFixturesRuntimeClasspath,testRuntimeClasspath
org.apache.arrow:arrow-memory-netty:17.0.0=compileClasspath,runtimeClasspath,testCompileClasspath,testFixturesRuntimeClasspath,testRuntimeClasspath
org.apache.arrow:arrow-vector:17.0.0=compileClasspath,runtimeClasspath,testCompileClasspath,testFixturesRuntimeClasspath,testRuntimeClasspath
org.apache.avro:avro:1.11.4=compileClasspath,runtimeClasspath,testCompileClasspath,testFixturesRuntimeClasspath,testRuntimeClasspath
org.apache.commons:commons-compress:1.26.2=compileClasspath,runtimeClasspath
org.apache.commons:commons-compress:1.27.1=testCompileClasspath,testFixturesCompileClasspath,testFixturesRuntimeClasspath,testRuntimeClasspath
org.apache.commons:commons-configuration2:2.12.0=compileClasspath,runtimeClasspath,testCompileClasspath,testFixturesRuntimeClasspath,testRuntimeClasspath
org.apache.commons:commons-csv:1.13.0=compileClasspath,runtimeClasspath,testCompileClasspath,testFixturesRuntimeClasspath,testRuntimeClasspath
org.apache.commons:commons-lang3:3.18.0=compileClasspath,runtimeClasspath,testCompileClasspath,testFixturesCompileClasspath,testFixturesRuntimeClasspath,testRuntimeClasspath
org.apache.commons:commons-math3:3.6.1=compileClasspath,runtimeClasspath,testCompileClasspath,testFixturesRuntimeClasspath,testRuntimeClasspath
org.apache.commons:commons-text:1.10.0=compileClasspath,runtimeClasspath,testCompileClasspath,testFixturesRuntimeClasspath,testRuntimeClasspath
org.apache.curator:curator-client:5.2.0=compileClasspath,runtimeClasspath,testCompileClasspath,testFixturesRuntimeClasspath,testRuntimeClasspath
org.apache.curator:curator-framework:5.2.0=compileClasspath,runtimeClasspath,testCompileClasspath,testFixturesRuntimeClasspath,testRuntimeClasspath
org.apache.curator:curator-recipes:5.2.0=compileClasspath,runtimeClasspath,testCompileClasspath,testFixturesRuntimeClasspath,testRuntimeClasspath
org.apache.hadoop.thirdparty:hadoop-shaded-guava:1.2.0=compileClasspath,runtimeClasspath,testCompileClasspath,testFixturesRuntimeClasspath,testRuntimeClasspath
org.apache.hadoop.thirdparty:hadoop-shaded-protobuf_3_25:1.4.0=compileClasspath,runtimeClasspath,testCompileClasspath,testFixturesRuntimeClasspath,testRuntimeClasspath
org.apache.hadoop:hadoop-annotations:3.4.2=compileClasspath,runtimeClasspath,testCompileClasspath,testFixturesRuntimeClasspath,testRuntimeClasspath
org.apache.hadoop:hadoop-auth:3.4.2=compileClasspath,runtimeClasspath,testCompileClasspath,testFixturesRuntimeClasspath,testRuntimeClasspath
org.apache.hadoop:hadoop-common:3.4.2=compileClasspath,runtimeClasspath,testCompileClasspath,testFixturesRuntimeClasspath,testRuntimeClasspath
org.apache.hadoop:hadoop-hdfs-client:3.4.2=compileClasspath,runtimeClasspath,testCompileClasspath,testFixturesRuntimeClasspath,testRuntimeClasspath
org.apache.commons:commons-collections4:4.4=compileClasspath,runtimeClasspath,testCompileClasspath,testFixturesRuntimeClasspath,testRuntimeClasspath
org.apache.httpcomponents.client5:httpclient5:5.4.3=compileClasspath,runtimeClasspath,testCompileClasspath,testFixturesRuntimeClasspath,testRuntimeClasspath
org.apache.httpcomponents.core5:httpcore5-h2:5.3.4=compileClasspath,runtimeClasspath,testCompileClasspath,testFixturesRuntimeClasspath,testRuntimeClasspath
org.apache.httpcomponents.core5:httpcore5:5.3.4=compileClasspath,runtimeClasspath,testCompileClasspath,testFixturesRuntimeClasspath,testRuntimeClasspath
org.apache.httpcomponents:httpclient:4.5.14=compileClasspath,runtimeClasspath,testCompileClasspath,testFixturesRuntimeClasspath,testRuntimeClasspath
org.apache.httpcomponents:httpcore:4.4.16=compileClasspath,runtimeClasspath,testCompileClasspath,testFixturesRuntimeClasspath,testRuntimeClasspath
org.apache.kerby:kerb-core:2.0.3=compileClasspath,runtimeClasspath,testCompileClasspath,testFixturesRuntimeClasspath,testRuntimeClasspath
org.apache.kerby:kerb-crypto:2.0.3=compileClasspath,runtimeClasspath,testCompileClasspath,testFixturesRuntimeClasspath,testRuntimeClasspath
org.apache.kerby:kerb-util:2.0.3=compileClasspath,runtimeClasspath,testCompileClasspath,testFixturesRuntimeClasspath,testRuntimeClasspath
org.apache.kerby:kerby-asn1:2.0.3=compileClasspath,runtimeClasspath,testCompileClasspath,testFixturesRuntimeClasspath,testRuntimeClasspath
org.apache.kerby:kerby-config:2.0.3=compileClasspath,runtimeClasspath,testCompileClasspath,testFixturesRuntimeClasspath,testRuntimeClasspath
org.apache.kerby:kerby-pkix:2.0.3=compileClasspath,runtimeClasspath,testCompileClasspath,testFixturesRuntimeClasspath,testRuntimeClasspath
org.apache.kerby:kerby-util:2.0.3=compileClasspath,runtimeClasspath,testCompileClasspath,testFixturesRuntimeClasspath,testRuntimeClasspath
org.apache.oozie:oozie-client:5.2.1=compileClasspath,runtimeClasspath,testCompileClasspath,testFixturesRuntimeClasspath,testRuntimeClasspath
org.apache.thrift:libthrift:0.20.0=compileClasspath,runtimeClasspath,testCompileClasspath,testFixturesRuntimeClasspath,testRuntimeClasspath
org.apache.yetus:audience-annotations:0.12.0=compileClasspath,runtimeClasspath,testCompileClasspath,testFixturesRuntimeClasspath,testRuntimeClasspath
org.apache.zookeeper:zookeeper-jute:3.9.4=compileClasspath,runtimeClasspath,testCompileClasspath,testFixturesRuntimeClasspath,testRuntimeClasspath
org.apache.zookeeper:zookeeper:3.9.4=compileClasspath,runtimeClasspath,testCompileClasspath,testFixturesRuntimeClasspath,testRuntimeClasspath
org.bouncycastle:bcprov-jdk18on:1.82=compileClasspath,runtimeClasspath,testCompileClasspath,testFixturesRuntimeClasspath,testRuntimeClasspath
org.checkerframework:checker-compat-qual:2.5.6=compileClasspath,runtimeClasspath,testCompileClasspath,testFixturesRuntimeClasspath,testRuntimeClasspath
org.checkerframework:checker-qual:3.51.0=annotationProcessor,testAnnotationProcessor,testFixturesAnnotationProcessor
org.checkerframework:checker-qual:3.51.0=compileClasspath,runtimeClasspath,testCompileClasspath,testFixturesCompileClasspath,testFixturesRuntimeClasspath,testRuntimeClasspath
org.codehaus.jettison:jettison:1.5.4=compileClasspath,runtimeClasspath,testCompileClasspath,testFixturesRuntimeClasspath,testRuntimeClasspath
org.codehaus.mojo:animal-sniffer-annotations:1.24=compileClasspath,runtimeClasspath,testCompileClasspath,testFixturesRuntimeClasspath,testRuntimeClasspath
org.codehaus.woodstox:stax2-api:4.2.2=compileClasspath,runtimeClasspath,testCompileClasspath,testFixturesRuntimeClasspath,testRuntimeClasspath
org.conscrypt:conscrypt-openjdk-uber:2.5.2=compileClasspath,runtimeClasspath,testCompileClasspath,testFixturesRuntimeClasspath,testRuntimeClasspath
org.datanucleus:datanucleus-api-jdo:4.2.5=testRuntimeClasspath
org.datanucleus:datanucleus-core:4.1.17=testRuntimeClasspath
org.datanucleus:datanucleus-rdbms:4.1.20=testRuntimeClasspath
org.datanucleus:javax.jdo:3.2.1=testRuntimeClasspath
org.eclipse.jetty:jetty-http:9.4.58.v20250814=compileClasspath,runtimeClasspath,testCompileClasspath,testFixturesRuntimeClasspath,testRuntimeClasspath
org.eclipse.jetty:jetty-io:9.4.58.v20250814=compileClasspath,runtimeClasspath,testCompileClasspath,testFixturesRuntimeClasspath,testRuntimeClasspath
org.eclipse.jetty:jetty-security:9.4.58.v20250814=compileClasspath,runtimeClasspath,testCompileClasspath,testFixturesRuntimeClasspath,testRuntimeClasspath
org.eclipse.jetty:jetty-server:9.4.58.v20250814=compileClasspath,runtimeClasspath,testCompileClasspath,testFixturesRuntimeClasspath,testRuntimeClasspath
org.eclipse.jetty:jetty-servlet:9.4.58.v20250814=compileClasspath,runtimeClasspath,testCompileClasspath,testFixturesRuntimeClasspath,testRuntimeClasspath
org.eclipse.jetty:jetty-util-ajax:9.4.58.v20250814=compileClasspath,runtimeClasspath,testCompileClasspath,testFixturesRuntimeClasspath,testRuntimeClasspath
org.eclipse.jetty:jetty-util:9.4.58.v20250814=compileClasspath,runtimeClasspath,testCompileClasspath,testFixturesRuntimeClasspath,testRuntimeClasspath
org.eclipse.jetty:jetty-webapp:9.4.58.v20250814=compileClasspath,runtimeClasspath,testCompileClasspath,testFixturesRuntimeClasspath,testRuntimeClasspath
org.eclipse.jetty:jetty-xml:9.4.58.v20250814=compileClasspath,runtimeClasspath,testCompileClasspath,testFixturesRuntimeClasspath,testRuntimeClasspath
org.glassfish.corba:glassfish-corba-omgapi:4.2.2=testRuntimeClasspath
org.hamcrest:hamcrest-core:1.3=testCompileClasspath,testRuntimeClasspath
org.jacoco:org.jacoco.agent:0.8.11=jacocoAgent,jacocoAnt
org.jacoco:org.jacoco.ant:0.8.11=jacocoAnt
org.jacoco:org.jacoco.core:0.8.11=jacocoAnt
org.jacoco:org.jacoco.report:0.8.11=jacocoAnt
org.json:json:20250517=compileClasspath,runtimeClasspath,testCompileClasspath,testFixturesRuntimeClasspath,testRuntimeClasspath
org.jspecify:jspecify:1.0.0=compileClasspath,runtimeClasspath,testCompileClasspath,testFixturesRuntimeClasspath,testRuntimeClasspath
org.junit.jupiter:junit-jupiter-api:5.9.1=testRuntimeClasspath
org.junit.platform:junit-platform-commons:1.9.1=testRuntimeClasspath
org.junit:junit-bom:5.9.1=testRuntimeClasspath
org.mockito:mockito-core:4.11.0=testCompileClasspath,testRuntimeClasspath
org.mockito:mockito-inline:4.11.0=testCompileClasspath,testRuntimeClasspath
org.mockito:mockito-junit-jupiter:4.11.0=testCompileClasspath,testRuntimeClasspath
org.objenesis:objenesis:3.3=testRuntimeClasspath
org.opentest4j:opentest4j:1.2.0=testRuntimeClasspath
org.ow2.asm:asm-commons:9.6=jacocoAnt
org.ow2.asm:asm-tree:9.6=jacocoAnt
org.ow2.asm:asm:9.6=jacocoAnt
org.postgresql:postgresql:42.7.8=runtimeClasspath,testCompileClasspath,testFixturesRuntimeClasspath,testRuntimeClasspath
org.slf4j:jcl-over-slf4j:2.0.17=compileClasspath,runtimeClasspath,sources,testCompileClasspath,testFixturesRuntimeClasspath,testRuntimeClasspath
org.slf4j:jul-to-slf4j:1.7.36=testRuntimeClasspath
org.slf4j:log4j-over-slf4j:2.0.16=testRuntimeClasspath
org.slf4j:slf4j-api:1.7.36=testFixturesCompileClasspath
org.slf4j:slf4j-api:2.0.17=compileClasspath,runtimeClasspath,testCompileClasspath,testFixturesRuntimeClasspath,testRuntimeClasspath
org.springframework:spring-beans:5.3.39=compileClasspath,runtimeClasspath,testCompileClasspath,testFixturesRuntimeClasspath,testRuntimeClasspath
org.springframework:spring-core:5.3.39=compileClasspath,runtimeClasspath,testCompileClasspath,testFixturesRuntimeClasspath,testRuntimeClasspath
org.springframework:spring-jdbc:5.3.39=compileClasspath,runtimeClasspath,testCompileClasspath,testFixturesRuntimeClasspath,testRuntimeClasspath
org.springframework:spring-tx:5.3.39=compileClasspath,runtimeClasspath,testCompileClasspath,testFixturesRuntimeClasspath,testRuntimeClasspath
org.threeten:threeten-extra:1.8.0=compileClasspath,runtimeClasspath,testCompileClasspath,testFixturesRuntimeClasspath,testRuntimeClasspath
org.threeten:threetenbp:1.7.0=compileClasspath,runtimeClasspath,testCompileClasspath,testFixturesRuntimeClasspath,testRuntimeClasspath
org.xerial.snappy:snappy-java:1.1.10.4=compileClasspath,runtimeClasspath,testCompileClasspath,testFixturesRuntimeClasspath,testRuntimeClasspath
org.xerial:sqlite-jdbc:3.50.3.0=testCompileClasspath,testRuntimeClasspath
org.yaml:snakeyaml:2.5=compileClasspath,runtimeClasspath,testCompileClasspath,testFixturesRuntimeClasspath,testRuntimeClasspath
xerces:xercesImpl:2.12.2=compileClasspath,runtimeClasspath,testCompileClasspath,testFixturesRuntimeClasspath,testRuntimeClasspath
xml-apis:xml-apis:1.4.01=compileClasspath,runtimeClasspath,testCompileClasspath,testFixturesRuntimeClasspath,testRuntimeClasspath
empty=
