# This is a Gradle generated file for dependency locking.
# Manual edits can break the build and are not advised.
# This file is expected to be part of source control.
ch.qos.logback:logback-classic:1.3.14=testRuntimeClasspath
ch.qos.logback:logback-core:1.3.14=testRuntimeClasspath
com.fasterxml.jackson.core:jackson-annotations:2.17.2=compileClasspath,runtimeClasspath,testCompileClasspath,testFixturesRuntimeClasspath,testRuntimeClasspath
com.fasterxml.jackson.core:jackson-core:2.17.2=compileClasspath,runtimeClasspath,testCompileClasspath,testFixturesRuntimeClasspath,testRuntimeClasspath
com.fasterxml.jackson.core:jackson-databind:2.17.2=compileClasspath,runtimeClasspath,testCompileClasspath,testFixturesRuntimeClasspath,testRuntimeClasspath
com.fasterxml.jackson.datatype:jackson-datatype-jsr310:2.17.2=compileClasspath,runtimeClasspath,testCompileClasspath,testFixturesRuntimeClasspath,testRuntimeClasspath
com.fasterxml.jackson:jackson-bom:2.17.2=compileClasspath,runtimeClasspath,testCompileClasspath,testFixturesRuntimeClasspath,testRuntimeClasspath
com.github.stephenc.jcip:jcip-annotations:1.0-1=compileClasspath,runtimeClasspath,testCompileClasspath,testFixturesCompileClasspath,testFixturesRuntimeClasspath,testRuntimeClasspath
com.google.android:annotations:4.1.1.4=runtimeClasspath,testFixturesRuntimeClasspath,testRuntimeClasspath
com.google.api-client:google-api-client:2.6.0=compileClasspath,runtimeClasspath,testCompileClasspath,testFixturesRuntimeClasspath,testRuntimeClasspath
com.google.api.grpc:grpc-google-cloud-bigquerystorage-v1:3.8.0=compileClasspath,runtimeClasspath,testCompileClasspath,testFixturesRuntimeClasspath,testRuntimeClasspath
com.google.api.grpc:grpc-google-cloud-bigquerystorage-v1beta1:0.180.0=compileClasspath,runtimeClasspath,testCompileClasspath,testFixturesRuntimeClasspath,testRuntimeClasspath
com.google.api.grpc:grpc-google-cloud-bigquerystorage-v1beta2:0.180.0=compileClasspath,runtimeClasspath,testCompileClasspath,testFixturesRuntimeClasspath,testRuntimeClasspath
com.google.api.grpc:proto-google-cloud-bigquerystorage-v1:3.8.0=compileClasspath,runtimeClasspath,testCompileClasspath,testFixturesRuntimeClasspath,testRuntimeClasspath
com.google.api.grpc:proto-google-cloud-bigquerystorage-v1beta1:0.180.0=compileClasspath,runtimeClasspath,testCompileClasspath,testFixturesRuntimeClasspath,testRuntimeClasspath
com.google.api.grpc:proto-google-cloud-bigquerystorage-v1beta2:0.180.0=compileClasspath,runtimeClasspath,testCompileClasspath,testFixturesRuntimeClasspath,testRuntimeClasspath
com.google.api.grpc:proto-google-common-protos:2.42.0=compileClasspath,runtimeClasspath,testCompileClasspath,testFixturesRuntimeClasspath,testRuntimeClasspath
com.google.api.grpc:proto-google-iam-v1:1.37.0=compileClasspath,runtimeClasspath,testCompileClasspath,testFixturesRuntimeClasspath,testRuntimeClasspath
com.google.api:api-common:2.34.0=compileClasspath,runtimeClasspath,testCompileClasspath,testFixturesRuntimeClasspath,testRuntimeClasspath
com.google.api:gax-grpc:2.51.0=compileClasspath,runtimeClasspath,testCompileClasspath,testFixturesRuntimeClasspath,testRuntimeClasspath
com.google.api:gax-httpjson:2.51.0=compileClasspath,runtimeClasspath,testCompileClasspath,testFixturesRuntimeClasspath,testRuntimeClasspath
com.google.api:gax:2.51.0=compileClasspath,runtimeClasspath,testCompileClasspath,testFixturesRuntimeClasspath,testRuntimeClasspath
com.google.apis:google-api-services-bigquery:v2-rev20240629-2.0.0=compileClasspath,runtimeClasspath,testCompileClasspath,testFixturesRuntimeClasspath,testRuntimeClasspath
com.google.auth:google-auth-library-credentials:1.24.0=compileClasspath,runtimeClasspath,testCompileClasspath,testFixturesRuntimeClasspath,testRuntimeClasspath
com.google.auth:google-auth-library-oauth2-http:1.24.0=compileClasspath,runtimeClasspath,testCompileClasspath,testFixturesRuntimeClasspath,testRuntimeClasspath
com.google.auto.service:auto-service-annotations:1.1.1=annotationProcessor,compileClasspath,testAnnotationProcessor,testCompileClasspath,testFixturesAnnotationProcessor,testFixturesCompileClasspath
com.google.auto.service:auto-service:1.1.1=annotationProcessor,compileClasspath,testAnnotationProcessor,testCompileClasspath,testFixturesAnnotationProcessor,testFixturesCompileClasspath
com.google.auto.value:auto-value-annotations:1.11.0=compileClasspath,testCompileClasspath,testFixturesCompileClasspath
com.google.auto.value:auto-value:1.10.4=compileClasspath,runtimeClasspath,testCompileClasspath,testFixturesRuntimeClasspath,testRuntimeClasspath
com.google.auto.value:auto-value:1.11.0=annotationProcessor,testAnnotationProcessor,testFixturesAnnotationProcessor
com.google.auto:auto-common:1.2.1=annotationProcessor,compileClasspath,testAnnotationProcessor,testCompileClasspath,testFixturesAnnotationProcessor,testFixturesCompileClasspath
com.google.cloud:google-cloud-bigquery:2.42.0=compileClasspath,runtimeClasspath,testCompileClasspath,testFixturesRuntimeClasspath,testRuntimeClasspath
com.google.cloud:google-cloud-bigquerystorage:3.8.0=compileClasspath,runtimeClasspath,testCompileClasspath,testFixturesRuntimeClasspath,testRuntimeClasspath
com.google.cloud:google-cloud-core-http:2.41.0=compileClasspath,runtimeClasspath,testCompileClasspath,testFixturesRuntimeClasspath,testRuntimeClasspath
com.google.cloud:google-cloud-core:2.41.0=compileClasspath,runtimeClasspath,testCompileClasspath,testFixturesRuntimeClasspath,testRuntimeClasspath
com.google.code.findbugs:jsr305:3.0.2=annotationProcessor,compileClasspath,runtimeClasspath,testAnnotationProcessor,testCompileClasspath,testFixturesAnnotationProcessor,testFixturesCompileClasspath,testFixturesRuntimeClasspath,testRuntimeClasspath
com.google.code.gson:gson:2.11.0=compileClasspath,runtimeClasspath,testCompileClasspath,testFixturesRuntimeClasspath,testRuntimeClasspath
com.google.errorprone:error_prone_annotations:2.18.0=annotationProcessor,testAnnotationProcessor,testFixturesAnnotationProcessor,testFixturesCompileClasspath
com.google.errorprone:error_prone_annotations:2.29.2=compileClasspath,runtimeClasspath,testCompileClasspath,testFixturesRuntimeClasspath,testRuntimeClasspath
com.google.flatbuffers:flatbuffers-java:23.5.26=compileClasspath,runtimeClasspath,testCompileClasspath,testFixturesRuntimeClasspath,testRuntimeClasspath
com.google.guava:failureaccess:1.0.1=annotationProcessor,testAnnotationProcessor,testFixturesAnnotationProcessor,testFixturesCompileClasspath
com.google.guava:failureaccess:1.0.2=compileClasspath,runtimeClasspath,testCompileClasspath,testFixturesRuntimeClasspath,testRuntimeClasspath
com.google.guava:guava-parent:32.1.2-jre=testFixturesCompileClasspath
com.google.guava:guava:32.0.1-jre=annotationProcessor,testAnnotationProcessor,testFixturesAnnotationProcessor
com.google.guava:guava:32.1.2-jre=testFixturesCompileClasspath
com.google.guava:guava:33.2.1-jre=compileClasspath,runtimeClasspath,testCompileClasspath,testFixturesRuntimeClasspath,testRuntimeClasspath
com.google.guava:listenablefuture:9999.0-empty-to-avoid-conflict-with-guava=annotationProcessor,compileClasspath,runtimeClasspath,testAnnotationProcessor,testCompileClasspath,testFixturesAnnotationProcessor,testFixturesCompileClasspath,testFixturesRuntimeClasspath,testRuntimeClasspath
com.google.http-client:google-http-client-apache-v2:1.44.2=compileClasspath,runtimeClasspath,testCompileClasspath,testFixturesRuntimeClasspath,testRuntimeClasspath
com.google.http-client:google-http-client-appengine:1.44.2=compileClasspath,runtimeClasspath,testCompileClasspath,testFixturesRuntimeClasspath,testRuntimeClasspath
com.google.http-client:google-http-client-gson:1.44.2=compileClasspath,runtimeClasspath,testCompileClasspath,testFixturesRuntimeClasspath,testRuntimeClasspath
com.google.http-client:google-http-client:1.44.2=compileClasspath,runtimeClasspath,testCompileClasspath,testFixturesRuntimeClasspath,testRuntimeClasspath
com.google.j2objc:j2objc-annotations:2.8=annotationProcessor,testAnnotationProcessor,testFixturesAnnotationProcessor,testFixturesCompileClasspath
com.google.j2objc:j2objc-annotations:3.0.0=compileClasspath,runtimeClasspath,testCompileClasspath,testFixturesRuntimeClasspath,testRuntimeClasspath
com.google.oauth-client:google-oauth-client:1.36.0=compileClasspath,runtimeClasspath,testCompileClasspath,testFixturesRuntimeClasspath,testRuntimeClasspath
com.google.protobuf:protobuf-java-util:3.25.3=compileClasspath,runtimeClasspath,testCompileClasspath,testFixturesRuntimeClasspath,testRuntimeClasspath
com.google.protobuf:protobuf-java:3.25.3=compileClasspath,runtimeClasspath,testCompileClasspath,testFixturesRuntimeClasspath,testRuntimeClasspath
com.swrve:rate-limited-logger:2.0.2=compileClasspath,runtimeClasspath,testCompileClasspath,testFixturesRuntimeClasspath,testRuntimeClasspath
commons-codec:commons-codec:1.17.1=compileClasspath,runtimeClasspath,testCompileClasspath,testFixturesRuntimeClasspath,testRuntimeClasspath
io.grpc:grpc-alts:1.65.1=compileClasspath,runtimeClasspath,testCompileClasspath,testFixturesRuntimeClasspath,testRuntimeClasspath
io.grpc:grpc-api:1.65.1=compileClasspath,runtimeClasspath,testCompileClasspath,testFixturesRuntimeClasspath,testRuntimeClasspath
io.grpc:grpc-auth:1.65.1=compileClasspath,runtimeClasspath,testCompileClasspath,testFixturesRuntimeClasspath,testRuntimeClasspath
io.grpc:grpc-context:1.65.1=compileClasspath,runtimeClasspath,testCompileClasspath,testFixturesRuntimeClasspath,testRuntimeClasspath
io.grpc:grpc-core:1.65.1=compileClasspath,runtimeClasspath,testCompileClasspath,testFixturesRuntimeClasspath,testRuntimeClasspath
io.grpc:grpc-googleapis:1.65.1=runtimeClasspath,testFixturesRuntimeClasspath,testRuntimeClasspath
io.grpc:grpc-grpclb:1.65.1=compileClasspath,runtimeClasspath,testCompileClasspath,testFixturesRuntimeClasspath,testRuntimeClasspath
io.grpc:grpc-inprocess:1.65.1=compileClasspath,runtimeClasspath,testCompileClasspath,testFixturesRuntimeClasspath,testRuntimeClasspath
io.grpc:grpc-netty-shaded:1.65.1=compileClasspath,runtimeClasspath,testCompileClasspath,testFixturesRuntimeClasspath,testRuntimeClasspath
io.grpc:grpc-protobuf-lite:1.65.1=runtimeClasspath,testFixturesRuntimeClasspath,testRuntimeClasspath
io.grpc:grpc-protobuf:1.65.1=compileClasspath,runtimeClasspath,testCompileClasspath,testFixturesRuntimeClasspath,testRuntimeClasspath
io.grpc:grpc-stub:1.65.1=compileClasspath,runtimeClasspath,testCompileClasspath,testFixturesRuntimeClasspath,testRuntimeClasspath
io.grpc:grpc-util:1.65.1=compileClasspath,runtimeClasspath,testCompileClasspath,testFixturesRuntimeClasspath,testRuntimeClasspath
io.netty:netty-buffer:4.1.104.Final=runtimeClasspath,testFixturesRuntimeClasspath,testRuntimeClasspath
io.netty:netty-common:4.1.104.Final=runtimeClasspath,testFixturesRuntimeClasspath,testRuntimeClasspath
io.opencensus:opencensus-api:0.31.1=compileClasspath,runtimeClasspath,testCompileClasspath,testFixturesRuntimeClasspath,testRuntimeClasspath
io.opencensus:opencensus-contrib-http-util:0.31.1=compileClasspath,runtimeClasspath,testCompileClasspath,testFixturesRuntimeClasspath,testRuntimeClasspath
io.opentelemetry:opentelemetry-api:1.40.0=compileClasspath,runtimeClasspath,testCompileClasspath,testFixturesRuntimeClasspath,testRuntimeClasspath
io.opentelemetry:opentelemetry-context:1.40.0=compileClasspath,runtimeClasspath,testCompileClasspath,testFixturesRuntimeClasspath,testRuntimeClasspath
io.perfmark:perfmark-api:0.27.0=runtimeClasspath,testFixturesRuntimeClasspath,testRuntimeClasspath
javax.annotation:javax.annotation-api:1.3.2=compileClasspath,runtimeClasspath,testCompileClasspath,testFixturesRuntimeClasspath,testRuntimeClasspath
junit:junit:4.13.2=testCompileClasspath,testRuntimeClasspath
org.apache.arrow:arrow-format:15.0.2=compileClasspath,runtimeClasspath,testCompileClasspath,testFixturesRuntimeClasspath,testRuntimeClasspath
org.apache.arrow:arrow-memory-core:15.0.2=compileClasspath,runtimeClasspath,testCompileClasspath,testFixturesRuntimeClasspath,testRuntimeClasspath
org.apache.arrow:arrow-memory-netty:15.0.2=runtimeClasspath,testFixturesRuntimeClasspath,testRuntimeClasspath
org.apache.arrow:arrow-vector:15.0.2=compileClasspath,runtimeClasspath,testCompileClasspath,testFixturesRuntimeClasspath,testRuntimeClasspath
org.apache.httpcomponents:httpclient:4.5.14=compileClasspath,runtimeClasspath,testCompileClasspath,testFixturesRuntimeClasspath,testRuntimeClasspath
org.apache.httpcomponents:httpcore:4.4.16=compileClasspath,runtimeClasspath,testCompileClasspath,testFixturesRuntimeClasspath,testRuntimeClasspath
org.checkerframework:checker-compat-qual:2.5.6=compileClasspath,runtimeClasspath,testCompileClasspath,testFixturesRuntimeClasspath,testRuntimeClasspath
org.checkerframework:checker-qual:3.33.0=annotationProcessor,testAnnotationProcessor,testFixturesAnnotationProcessor
org.checkerframework:checker-qual:3.46.0=compileClasspath,runtimeClasspath,testCompileClasspath,testFixturesCompileClasspath,testFixturesRuntimeClasspath,testRuntimeClasspath
org.codehaus.mojo:animal-sniffer-annotations:1.24=runtimeClasspath,testFixturesRuntimeClasspath,testRuntimeClasspath
org.conscrypt:conscrypt-openjdk-uber:2.5.2=compileClasspath,runtimeClasspath,testCompileClasspath,testFixturesRuntimeClasspath,testRuntimeClasspath
org.eclipse.collections:eclipse-collections-api:11.1.0=compileClasspath,runtimeClasspath,testCompileClasspath,testFixturesRuntimeClasspath,testRuntimeClasspath
org.eclipse.collections:eclipse-collections:11.1.0=compileClasspath,runtimeClasspath,testCompileClasspath,testFixturesRuntimeClasspath,testRuntimeClasspath
org.hamcrest:hamcrest-core:1.3=testCompileClasspath,testRuntimeClasspath
org.json:json:20240303=compileClasspath,runtimeClasspath,testCompileClasspath,testFixturesRuntimeClasspath,testRuntimeClasspath
org.slf4j:jcl-over-slf4j:2.0.16=testRuntimeClasspath
org.slf4j:jul-to-slf4j:1.7.36=testRuntimeClasspath
org.slf4j:log4j-over-slf4j:2.0.16=testRuntimeClasspath
org.slf4j:slf4j-api:1.7.36=testFixturesCompileClasspath
org.slf4j:slf4j-api:2.0.16=testRuntimeClasspath
org.slf4j:slf4j-api:2.0.9=compileClasspath,runtimeClasspath,testCompileClasspath,testFixturesRuntimeClasspath
org.threeten:threeten-extra:1.8.0=compileClasspath,runtimeClasspath,testCompileClasspath,testFixturesRuntimeClasspath,testRuntimeClasspath
org.threeten:threetenbp:1.6.9=compileClasspath,runtimeClasspath,testCompileClasspath,testFixturesRuntimeClasspath,testRuntimeClasspath
empty=
